// !$*UTF8*$!
{
	archiveVersion = 1;
	classes = {
	};
	objectVersion = 77;
	objects = {

/* Begin PBXBuildFile section */
		F55AA53E2DB9719E00D57F36 /* AppDelegate.swift in Sources */ = {isa = PBXBuildFile; fileRef = F55AA53D2DB9719E00D57F36 /* AppDelegate.swift */; };
		F55AA5422DB9719E00D57F36 /* Main.html in Resources */ = {isa = PBXBuildFile; fileRef = F55AA5402DB9719E00D57F36 /* Main.html */; };
		F55AA5442DB9719E00D57F36 /* Icon.png in Resources */ = {isa = PBXBuildFile; fileRef = F55AA5432DB9719E00D57F36 /* Icon.png */; };
		F55AA5462DB9719E00D57F36 /* Style.css in Resources */ = {isa = PBXBuildFile; fileRef = F55AA5452DB9719E00D57F36 /* Style.css */; };
		F55AA5482DB9719E00D57F36 /* Script.js in Resources */ = {isa = PBXBuildFile; fileRef = F55AA5472DB9719E00D57F36 /* Script.js */; };
		F55AA54A2DB9719E00D57F36 /* ViewController.swift in Sources */ = {isa = PBXBuildFile; fileRef = F55AA5492DB9719E00D57F36 /* ViewController.swift */; };
		F55AA54D2DB9719E00D57F36 /* Main.storyboard in Resources */ = {isa = PBXBuildFile; fileRef = F55AA54B2DB9719E00D57F36 /* Main.storyboard */; };
		F55AA54F2DB9719F00D57F36 /* Assets.xcassets in Resources */ = {isa = PBXBuildFile; fileRef = F55AA54E2DB9719F00D57F36 /* Assets.xcassets */; };
		F55AA55C2DB9719F00D57F36 /* Xdebug_Helper_by_JetBrainsTests.swift in Sources */ = {isa = PBXBuildFile; fileRef = F55AA55B2DB9719F00D57F36 /* Xdebug_Helper_by_JetBrainsTests.swift */; };
		F55AA5662DB9719F00D57F36 /* Xdebug_Helper_by_JetBrainsUITests.swift in Sources */ = {isa = PBXBuildFile; fileRef = F55AA5652DB9719F00D57F36 /* Xdebug_Helper_by_JetBrainsUITests.swift */; };
		F55AA5682DB9719F00D57F36 /* Xdebug_Helper_by_JetBrainsUITestsLaunchTests.swift in Sources */ = {isa = PBXBuildFile; fileRef = F55AA5672DB9719F00D57F36 /* Xdebug_Helper_by_JetBrainsUITestsLaunchTests.swift */; };
		F55AA56E2DB9719F00D57F36 /* Xdebug Helper by JetBrains Extension.appex in Embed Foundation Extensions */ = {isa = PBXBuildFile; fileRef = F55AA56D2DB9719F00D57F36 /* Xdebug Helper by JetBrains Extension.appex */; settings = {ATTRIBUTES = (RemoveHeadersOnCopy, ); }; };
		F55AA5732DB9719F00D57F36 /* SafariWebExtensionHandler.swift in Sources */ = {isa = PBXBuildFile; fileRef = F55AA5722DB9719F00D57F36 /* SafariWebExtensionHandler.swift */; };
		F55AA5912DB9719F00D57F36 /* popup.js in Resources */ = {isa = PBXBuildFile; fileRef = F55AA5862DB9719F00D57F36 /* popup.js */; };
		F55AA5922DB9719F00D57F36 /* popup.html in Resources */ = {isa = PBXBuildFile; fileRef = F55AA5872DB9719F00D57F36 /* popup.html */; };
		F55AA5932DB9719F00D57F36 /* options.js in Resources */ = {isa = PBXBuildFile; fileRef = F55AA5882DB9719F00D57F36 /* options.js */; };
		F55AA5942DB9719F00D57F36 /* img in Resources */ = {isa = PBXBuildFile; fileRef = F55AA5892DB9719F00D57F36 /* img */; };
		F55AA5952DB9719F00D57F36 /* manifest.json in Resources */ = {isa = PBXBuildFile; fileRef = F55AA58A2DB9719F00D57F36 /* manifest.json */; };
		F55AA5962DB9719F00D57F36 /* options.html in Resources */ = {isa = PBXBuildFile; fileRef = F55AA58B2DB9719F00D57F36 /* options.html */; };
		F55AA5972DB9719F00D57F36 /* popup.css in Resources */ = {isa = PBXBuildFile; fileRef = F55AA58C2DB9719F00D57F36 /* popup.css */; };
		F55AA5982DB9719F00D57F36 /* _locales in Resources */ = {isa = PBXBuildFile; fileRef = F55AA58D2DB9719F00D57F36 /* _locales */; };
		F55AA5992DB9719F00D57F36 /* content.js in Resources */ = {isa = PBXBuildFile; fileRef = F55AA58E2DB9719F00D57F36 /* content.js */; };
		F55AA59A2DB9719F00D57F36 /* service_worker.js in Resources */ = {isa = PBXBuildFile; fileRef = F55AA58F2DB9719F00D57F36 /* service_worker.js */; };
		F55AA59B2DB9719F00D57F36 /* options.css in Resources */ = {isa = PBXBuildFile; fileRef = F55AA5902DB9719F00D57F36 /* options.css */; };
/* End PBXBuildFile section */

/* Begin PBXContainerItemProxy section */
		F55AA5582DB9719F00D57F36 /* PBXContainerItemProxy */ = {
			isa = PBXContainerItemProxy;
			containerPortal = F55AA5322DB9719E00D57F36 /* Project object */;
			proxyType = 1;
			remoteGlobalIDString = F55AA5392DB9719E00D57F36;
			remoteInfo = "Xdebug Helper by JetBrains";
		};
		F55AA5622DB9719F00D57F36 /* PBXContainerItemProxy */ = {
			isa = PBXContainerItemProxy;
			containerPortal = F55AA5322DB9719E00D57F36 /* Project object */;
			proxyType = 1;
			remoteGlobalIDString = F55AA5392DB9719E00D57F36;
			remoteInfo = "Xdebug Helper by JetBrains";
		};
		F55AA56F2DB9719F00D57F36 /* PBXContainerItemProxy */ = {
			isa = PBXContainerItemProxy;
			containerPortal = F55AA5322DB9719E00D57F36 /* Project object */;
			proxyType = 1;
			remoteGlobalIDString = F55AA56C2DB9719F00D57F36;
			remoteInfo = "Xdebug Helper by JetBrains Extension";
		};
/* End PBXContainerItemProxy section */

/* Begin PBXCopyFilesBuildPhase section */
		F55AA57B2DB9719F00D57F36 /* Embed Foundation Extensions */ = {
			isa = PBXCopyFilesBuildPhase;
			buildActionMask = 2147483647;
			dstPath = "";
			dstSubfolderSpec = 13;
			files = (
				F55AA56E2DB9719F00D57F36 /* Xdebug Helper by JetBrains Extension.appex in Embed Foundation Extensions */,
			);
			name = "Embed Foundation Extensions";
			runOnlyForDeploymentPostprocessing = 0;
		};
/* End PBXCopyFilesBuildPhase section */

/* Begin PBXFileReference section */
		F55AA53A2DB9719E00D57F36 /* Xdebug Helper by JetBrains.app */ = {isa = PBXFileReference; explicitFileType = wrapper.application; includeInIndex = 0; path = "Xdebug Helper by JetBrains.app"; sourceTree = BUILT_PRODUCTS_DIR; };
		F55AA53D2DB9719E00D57F36 /* AppDelegate.swift */ = {isa = PBXFileReference; lastKnownFileType = sourcecode.swift; path = AppDelegate.swift; sourceTree = "<group>"; };
		F55AA5412DB9719E00D57F36 /* Base */ = {isa = PBXFileReference; lastKnownFileType = text.html; name = Base; path = Base.lproj/Main.html; sourceTree = "<group>"; };
		F55AA5432DB9719E00D57F36 /* Icon.png */ = {isa = PBXFileReference; lastKnownFileType = image.png; path = Icon.png; sourceTree = "<group>"; };
		F55AA5452DB9719E00D57F36 /* Style.css */ = {isa = PBXFileReference; lastKnownFileType = text.css; path = Style.css; sourceTree = "<group>"; };
		F55AA5472DB9719E00D57F36 /* Script.js */ = {isa = PBXFileReference; lastKnownFileType = sourcecode.javascript; path = Script.js; sourceTree = "<group>"; };
		F55AA5492DB9719E00D57F36 /* ViewController.swift */ = {isa = PBXFileReference; lastKnownFileType = sourcecode.swift; path = ViewController.swift; sourceTree = "<group>"; };
		F55AA54C2DB9719E00D57F36 /* Base */ = {isa = PBXFileReference; lastKnownFileType = file.storyboard; name = Base; path = Base.lproj/Main.storyboard; sourceTree = "<group>"; };
		F55AA54E2DB9719F00D57F36 /* Assets.xcassets */ = {isa = PBXFileReference; lastKnownFileType = folder.assetcatalog; path = Assets.xcassets; sourceTree = "<group>"; };
		F55AA5502DB9719F00D57F36 /* Info.plist */ = {isa = PBXFileReference; lastKnownFileType = text.plist.xml; path = Info.plist; sourceTree = "<group>"; };
		F55AA5512DB9719F00D57F36 /* Xdebug_Helper_by_JetBrains.entitlements */ = {isa = PBXFileReference; lastKnownFileType = text.plist.entitlements; path = Xdebug_Helper_by_JetBrains.entitlements; sourceTree = "<group>"; };
		F55AA5522DB9719F00D57F36 /* Xdebug Helper by JetBrains.entitlements */ = {isa = PBXFileReference; lastKnownFileType = text.plist.entitlements; path = "Xdebug Helper by JetBrains.entitlements"; sourceTree = "<group>"; };
		F55AA5572DB9719F00D57F36 /* Xdebug Helper by JetBrainsTests.xctest */ = {isa = PBXFileReference; explicitFileType = wrapper.cfbundle; includeInIndex = 0; path = "Xdebug Helper by JetBrainsTests.xctest"; sourceTree = BUILT_PRODUCTS_DIR; };
		F55AA55B2DB9719F00D57F36 /* Xdebug_Helper_by_JetBrainsTests.swift */ = {isa = PBXFileReference; lastKnownFileType = sourcecode.swift; path = Xdebug_Helper_by_JetBrainsTests.swift; sourceTree = "<group>"; };
		F55AA5612DB9719F00D57F36 /* Xdebug Helper by JetBrainsUITests.xctest */ = {isa = PBXFileReference; explicitFileType = wrapper.cfbundle; includeInIndex = 0; path = "Xdebug Helper by JetBrainsUITests.xctest"; sourceTree = BUILT_PRODUCTS_DIR; };
		F55AA5652DB9719F00D57F36 /* Xdebug_Helper_by_JetBrainsUITests.swift */ = {isa = PBXFileReference; lastKnownFileType = sourcecode.swift; path = Xdebug_Helper_by_JetBrainsUITests.swift; sourceTree = "<group>"; };
		F55AA5672DB9719F00D57F36 /* Xdebug_Helper_by_JetBrainsUITestsLaunchTests.swift */ = {isa = PBXFileReference; lastKnownFileType = sourcecode.swift; path = Xdebug_Helper_by_JetBrainsUITestsLaunchTests.swift; sourceTree = "<group>"; };
		F55AA56D2DB9719F00D57F36 /* Xdebug Helper by JetBrains Extension.appex */ = {isa = PBXFileReference; explicitFileType = "wrapper.app-extension"; includeInIndex = 0; path = "Xdebug Helper by JetBrains Extension.appex"; sourceTree = BUILT_PRODUCTS_DIR; };
		F55AA5722DB9719F00D57F36 /* SafariWebExtensionHandler.swift */ = {isa = PBXFileReference; lastKnownFileType = sourcecode.swift; path = SafariWebExtensionHandler.swift; sourceTree = "<group>"; };
		F55AA5742DB9719F00D57F36 /* Info.plist */ = {isa = PBXFileReference; lastKnownFileType = text.plist.xml; path = Info.plist; sourceTree = "<group>"; };
		F55AA5752DB9719F00D57F36 /* Xdebug_Helper_by_JetBrains_Extension.entitlements */ = {isa = PBXFileReference; lastKnownFileType = text.plist.entitlements; path = Xdebug_Helper_by_JetBrains_Extension.entitlements; sourceTree = "<group>"; };
		F55AA5862DB9719F00D57F36 /* popup.js */ = {isa = PBXFileReference; lastKnownFileType = sourcecode.javascript; name = popup.js; path = ../../src/popup.js; sourceTree = "<group>"; };
		F55AA5872DB9719F00D57F36 /* popup.html */ = {isa = PBXFileReference; lastKnownFileType = text.html; name = popup.html; path = ../../src/popup.html; sourceTree = "<group>"; };
		F55AA5882DB9719F00D57F36 /* options.js */ = {isa = PBXFileReference; lastKnownFileType = sourcecode.javascript; name = options.js; path = ../../src/options.js; sourceTree = "<group>"; };
		F55AA5892DB9719F00D57F36 /* img */ = {isa = PBXFileReference; lastKnownFileType = folder; name = img; path = ../../src/img; sourceTree = "<group>"; };
		F55AA58A2DB9719F00D57F36 /* manifest.json */ = {isa = PBXFileReference; lastKnownFileType = text.json; name = manifest.json; path = ../../src/manifest.json; sourceTree = "<group>"; };
		F55AA58B2DB9719F00D57F36 /* options.html */ = {isa = PBXFileReference; lastKnownFileType = text.html; name = options.html; path = ../../src/options.html; sourceTree = "<group>"; };
		F55AA58C2DB9719F00D57F36 /* popup.css */ = {isa = PBXFileReference; lastKnownFileType = text.css; name = popup.css; path = ../../src/popup.css; sourceTree = "<group>"; };
		F55AA58D2DB9719F00D57F36 /* _locales */ = {isa = PBXFileReference; lastKnownFileType = folder; name = _locales; path = ../../src/_locales; sourceTree = "<group>"; };
		F55AA58E2DB9719F00D57F36 /* content.js */ = {isa = PBXFileReference; lastKnownFileType = sourcecode.javascript; name = content.js; path = ../../src/content.js; sourceTree = "<group>"; };
		F55AA58F2DB9719F00D57F36 /* service_worker.js */ = {isa = PBXFileReference; lastKnownFileType = sourcecode.javascript; name = service_worker.js; path = ../../src/service_worker.js; sourceTree = "<group>"; };
		F55AA5902DB9719F00D57F36 /* options.css */ = {isa = PBXFileReference; lastKnownFileType = text.css; name = options.css; path = ../../src/options.css; sourceTree = "<group>"; };
/* End PBXFileReference section */

/* Begin PBXFrameworksBuildPhase section */
		F55AA5372DB9719E00D57F36 /* Frameworks */ = {
			isa = PBXFrameworksBuildPhase;
			buildActionMask = 2147483647;
			files = (
			);
			runOnlyForDeploymentPostprocessing = 0;
		};
		F55AA5542DB9719F00D57F36 /* Frameworks */ = {
			isa = PBXFrameworksBuildPhase;
			buildActionMask = 2147483647;
			files = (
			);
			runOnlyForDeploymentPostprocessing = 0;
		};
		F55AA55E2DB9719F00D57F36 /* Frameworks */ = {
			isa = PBXFrameworksBuildPhase;
			buildActionMask = 2147483647;
			files = (
			);
			runOnlyForDeploymentPostprocessing = 0;
		};
		F55AA56A2DB9719F00D57F36 /* Frameworks */ = {
			isa = PBXFrameworksBuildPhase;
			buildActionMask = 2147483647;
			files = (
			);
			runOnlyForDeploymentPostprocessing = 0;
		};
/* End PBXFrameworksBuildPhase section */

/* Begin PBXGroup section */
		F55AA5312DB9719E00D57F36 = {
			isa = PBXGroup;
			children = (
				F55AA53C2DB9719E00D57F36 /* Xdebug Helper by JetBrains */,
				F55AA55A2DB9719F00D57F36 /* Xdebug Helper by JetBrainsTests */,
				F55AA5642DB9719F00D57F36 /* Xdebug Helper by JetBrainsUITests */,
				F55AA5712DB9719F00D57F36 /* Xdebug Helper by JetBrains Extension */,
				F55AA53B2DB9719E00D57F36 /* Products */,
			);
			sourceTree = "<group>";
		};
		F55AA53B2DB9719E00D57F36 /* Products */ = {
			isa = PBXGroup;
			children = (
				F55AA53A2DB9719E00D57F36 /* Xdebug Helper by JetBrains.app */,
				F55AA5572DB9719F00D57F36 /* Xdebug Helper by JetBrainsTests.xctest */,
				F55AA5612DB9719F00D57F36 /* Xdebug Helper by JetBrainsUITests.xctest */,
				F55AA56D2DB9719F00D57F36 /* Xdebug Helper by JetBrains Extension.appex */,
			);
			name = Products;
			sourceTree = "<group>";
		};
		F55AA53C2DB9719E00D57F36 /* Xdebug Helper by JetBrains */ = {
			isa = PBXGroup;
			children = (
				F55AA53D2DB9719E00D57F36 /* AppDelegate.swift */,
				F55AA5492DB9719E00D57F36 /* ViewController.swift */,
				F55AA54B2DB9719E00D57F36 /* Main.storyboard */,
				F55AA54E2DB9719F00D57F36 /* Assets.xcassets */,
				F55AA5502DB9719F00D57F36 /* Info.plist */,
				F55AA5512DB9719F00D57F36 /* Xdebug_Helper_by_JetBrains.entitlements */,
				F55AA5522DB9719F00D57F36 /* Xdebug Helper by JetBrains.entitlements */,
				F55AA53F2DB9719E00D57F36 /* Resources */,
			);
			path = "Xdebug Helper by JetBrains";
			sourceTree = "<group>";
		};
		F55AA53F2DB9719E00D57F36 /* Resources */ = {
			isa = PBXGroup;
			children = (
				F55AA5402DB9719E00D57F36 /* Main.html */,
				F55AA5432DB9719E00D57F36 /* Icon.png */,
				F55AA5452DB9719E00D57F36 /* Style.css */,
				F55AA5472DB9719E00D57F36 /* Script.js */,
			);
			path = Resources;
			sourceTree = "<group>";
		};
		F55AA55A2DB9719F00D57F36 /* Xdebug Helper by JetBrainsTests */ = {
			isa = PBXGroup;
			children = (
				F55AA55B2DB9719F00D57F36 /* Xdebug_Helper_by_JetBrainsTests.swift */,
			);
			path = "Xdebug Helper by JetBrainsTests";
			sourceTree = "<group>";
		};
		F55AA5642DB9719F00D57F36 /* Xdebug Helper by JetBrainsUITests */ = {
			isa = PBXGroup;
			children = (
				F55AA5652DB9719F00D57F36 /* Xdebug_Helper_by_JetBrainsUITests.swift */,
				F55AA5672DB9719F00D57F36 /* Xdebug_Helper_by_JetBrainsUITestsLaunchTests.swift */,
			);
			path = "Xdebug Helper by JetBrainsUITests";
			sourceTree = "<group>";
		};
		F55AA5712DB9719F00D57F36 /* Xdebug Helper by JetBrains Extension */ = {
			isa = PBXGroup;
			children = (
				F55AA5852DB9719F00D57F36 /* Resources */,
				F55AA5722DB9719F00D57F36 /* SafariWebExtensionHandler.swift */,
				F55AA5742DB9719F00D57F36 /* Info.plist */,
				F55AA5752DB9719F00D57F36 /* Xdebug_Helper_by_JetBrains_Extension.entitlements */,
			);
			path = "Xdebug Helper by JetBrains Extension";
			sourceTree = "<group>";
		};
		F55AA5852DB9719F00D57F36 /* Resources */ = {
			isa = PBXGroup;
			children = (
				F55AA5862DB9719F00D57F36 /* popup.js */,
				F55AA5872DB9719F00D57F36 /* popup.html */,
				F55AA5882DB9719F00D57F36 /* options.js */,
				F55AA5892DB9719F00D57F36 /* img */,
				F55AA58A2DB9719F00D57F36 /* manifest.json */,
				F55AA58B2DB9719F00D57F36 /* options.html */,
				F55AA58C2DB9719F00D57F36 /* popup.css */,
				F55AA58D2DB9719F00D57F36 /* _locales */,
				F55AA58E2DB9719F00D57F36 /* content.js */,
				F55AA58F2DB9719F00D57F36 /* service_worker.js */,
				F55AA5902DB9719F00D57F36 /* options.css */,
			);
			name = Resources;
			path = "Xdebug Helper by JetBrains Extension";
			sourceTree = SOURCE_ROOT;
		};
/* End PBXGroup section */

/* Begin PBXNativeTarget section */
		F55AA5392DB9719E00D57F36 /* Xdebug Helper by JetBrains */ = {
			isa = PBXNativeTarget;
			buildConfigurationList = F55AA57C2DB9719F00D57F36 /* Build configuration list for PBXNativeTarget "Xdebug Helper by JetBrains" */;
			buildPhases = (
				F55AA5362DB9719E00D57F36 /* Sources */,
				F55AA5372DB9719E00D57F36 /* Frameworks */,
				F55AA5382DB9719E00D57F36 /* Resources */,
				F55AA57B2DB9719F00D57F36 /* Embed Foundation Extensions */,
			);
			buildRules = (
			);
			dependencies = (
				F55AA5702DB9719F00D57F36 /* PBXTargetDependency */,
			);
			name = "Xdebug Helper by JetBrains";
			packageProductDependencies = (
			);
			productName = "Xdebug Helper by JetBrains";
			productReference = F55AA53A2DB9719E00D57F36 /* Xdebug Helper by JetBrains.app */;
			productType = "com.apple.product-type.application";
		};
		F55AA5562DB9719F00D57F36 /* Xdebug Helper by JetBrainsTests */ = {
			isa = PBXNativeTarget;
			buildConfigurationList = F55AA57F2DB9719F00D57F36 /* Build configuration list for PBXNativeTarget "Xdebug Helper by JetBrainsTests" */;
			buildPhases = (
				F55AA5532DB9719F00D57F36 /* Sources */,
				F55AA5542DB9719F00D57F36 /* Frameworks */,
				F55AA5552DB9719F00D57F36 /* Resources */,
			);
			buildRules = (
			);
			dependencies = (
				F55AA5592DB9719F00D57F36 /* PBXTargetDependency */,
			);
			name = "Xdebug Helper by JetBrainsTests";
			packageProductDependencies = (
			);
			productName = "Xdebug Helper by JetBrainsTests";
			productReference = F55AA5572DB9719F00D57F36 /* Xdebug Helper by JetBrainsTests.xctest */;
			productType = "com.apple.product-type.bundle.unit-test";
		};
		F55AA5602DB9719F00D57F36 /* Xdebug Helper by JetBrainsUITests */ = {
			isa = PBXNativeTarget;
			buildConfigurationList = F55AA5822DB9719F00D57F36 /* Build configuration list for PBXNativeTarget "Xdebug Helper by JetBrainsUITests" */;
			buildPhases = (
				F55AA55D2DB9719F00D57F36 /* Sources */,
				F55AA55E2DB9719F00D57F36 /* Frameworks */,
				F55AA55F2DB9719F00D57F36 /* Resources */,
			);
			buildRules = (
			);
			dependencies = (
				F55AA5632DB9719F00D57F36 /* PBXTargetDependency */,
			);
			name = "Xdebug Helper by JetBrainsUITests";
			packageProductDependencies = (
			);
			productName = "Xdebug Helper by JetBrainsUITests";
			productReference = F55AA5612DB9719F00D57F36 /* Xdebug Helper by JetBrainsUITests.xctest */;
			productType = "com.apple.product-type.bundle.ui-testing";
		};
		F55AA56C2DB9719F00D57F36 /* Xdebug Helper by JetBrains Extension */ = {
			isa = PBXNativeTarget;
			buildConfigurationList = F55AA5782DB9719F00D57F36 /* Build configuration list for PBXNativeTarget "Xdebug Helper by JetBrains Extension" */;
			buildPhases = (
				F55AA5692DB9719F00D57F36 /* Sources */,
				F55AA56A2DB9719F00D57F36 /* Frameworks */,
				F55AA56B2DB9719F00D57F36 /* Resources */,
			);
			buildRules = (
			);
			dependencies = (
			);
			name = "Xdebug Helper by JetBrains Extension";
			packageProductDependencies = (
			);
			productName = "Xdebug Helper by JetBrains Extension";
			productReference = F55AA56D2DB9719F00D57F36 /* Xdebug Helper by JetBrains Extension.appex */;
			productType = "com.apple.product-type.app-extension";
		};
/* End PBXNativeTarget section */

/* Begin PBXProject section */
		F55AA5322DB9719E00D57F36 /* Project object */ = {
			isa = PBXProject;
			attributes = {
				BuildIndependentTargetsInParallel = 1;
				LastSwiftUpdateCheck = 1630;
				LastUpgradeCheck = 1630;
				TargetAttributes = {
					F55AA5392DB9719E00D57F36 = {
						CreatedOnToolsVersion = 16.3;
					};
					F55AA5562DB9719F00D57F36 = {
						CreatedOnToolsVersion = 16.3;
						TestTargetID = F55AA5392DB9719E00D57F36;
					};
					F55AA5602DB9719F00D57F36 = {
						CreatedOnToolsVersion = 16.3;
						TestTargetID = F55AA5392DB9719E00D57F36;
					};
					F55AA56C2DB9719F00D57F36 = {
						CreatedOnToolsVersion = 16.3;
					};
				};
			};
			buildConfigurationList = F55AA5352DB9719E00D57F36 /* Build configuration list for PBXProject "Xdebug Helper by JetBrains" */;
			developmentRegion = en;
			hasScannedForEncodings = 0;
			knownRegions = (
				en,
				Base,
			);
			mainGroup = F55AA5312DB9719E00D57F36;
			minimizedProjectReferenceProxies = 1;
			preferredProjectObjectVersion = 77;
			productRefGroup = F55AA53B2DB9719E00D57F36 /* Products */;
			projectDirPath = "";
			projectRoot = "";
			targets = (
				F55AA5392DB9719E00D57F36 /* Xdebug Helper by JetBrains */,
				F55AA5562DB9719F00D57F36 /* Xdebug Helper by JetBrainsTests */,
				F55AA5602DB9719F00D57F36 /* Xdebug Helper by JetBrainsUITests */,
				F55AA56C2DB9719F00D57F36 /* Xdebug Helper by JetBrains Extension */,
			);
		};
/* End PBXProject section */

/* Begin PBXResourcesBuildPhase section */
		F55AA5382DB9719E00D57F36 /* Resources */ = {
			isa = PBXResourcesBuildPhase;
			buildActionMask = 2147483647;
			files = (
				F55AA5442DB9719E00D57F36 /* Icon.png in Resources */,
				F55AA54D2DB9719E00D57F36 /* Main.storyboard in Resources */,
				F55AA5482DB9719E00D57F36 /* Script.js in Resources */,
				F55AA5422DB9719E00D57F36 /* Main.html in Resources */,
				F55AA54F2DB9719F00D57F36 /* Assets.xcassets in Resources */,
				F55AA5462DB9719E00D57F36 /* Style.css in Resources */,
			);
			runOnlyForDeploymentPostprocessing = 0;
		};
		F55AA5552DB9719F00D57F36 /* Resources */ = {
			isa = PBXResourcesBuildPhase;
			buildActionMask = 2147483647;
			files = (
			);
			runOnlyForDeploymentPostprocessing = 0;
		};
		F55AA55F2DB9719F00D57F36 /* Resources */ = {
			isa = PBXResourcesBuildPhase;
			buildActionMask = 2147483647;
			files = (
			);
			runOnlyForDeploymentPostprocessing = 0;
		};
		F55AA56B2DB9719F00D57F36 /* Resources */ = {
			isa = PBXResourcesBuildPhase;
			buildActionMask = 2147483647;
			files = (
				F55AA5942DB9719F00D57F36 /* img in Resources */,
				F55AA5972DB9719F00D57F36 /* popup.css in Resources */,
				F55AA59A2DB9719F00D57F36 /* service_worker.js in Resources */,
				F55AA5982DB9719F00D57F36 /* _locales in Resources */,
				F55AA5912DB9719F00D57F36 /* popup.js in Resources */,
				F55AA5952DB9719F00D57F36 /* manifest.json in Resources */,
				F55AA5932DB9719F00D57F36 /* options.js in Resources */,
				F55AA5992DB9719F00D57F36 /* content.js in Resources */,
				F55AA5922DB9719F00D57F36 /* popup.html in Resources */,
				F55AA59B2DB9719F00D57F36 /* options.css in Resources */,
				F55AA5962DB9719F00D57F36 /* options.html in Resources */,
			);
			runOnlyForDeploymentPostprocessing = 0;
		};
/* End PBXResourcesBuildPhase section */

/* Begin PBXSourcesBuildPhase section */
		F55AA5362DB9719E00D57F36 /* Sources */ = {
			isa = PBXSourcesBuildPhase;
			buildActionMask = 2147483647;
			files = (
				F55AA54A2DB9719E00D57F36 /* ViewController.swift in Sources */,
				F55AA53E2DB9719E00D57F36 /* AppDelegate.swift in Sources */,
			);
			runOnlyForDeploymentPostprocessing = 0;
		};
		F55AA5532DB9719F00D57F36 /* Sources */ = {
			isa = PBXSourcesBuildPhase;
			buildActionMask = 2147483647;
			files = (
				F55AA55C2DB9719F00D57F36 /* Xdebug_Helper_by_JetBrainsTests.swift in Sources */,
			);
			runOnlyForDeploymentPostprocessing = 0;
		};
		F55AA55D2DB9719F00D57F36 /* Sources */ = {
			isa = PBXSourcesBuildPhase;
			buildActionMask = 2147483647;
			files = (
				F55AA5662DB9719F00D57F36 /* Xdebug_Helper_by_JetBrainsUITests.swift in Sources */,
				F55AA5682DB9719F00D57F36 /* Xdebug_Helper_by_JetBrainsUITestsLaunchTests.swift in Sources */,
			);
			runOnlyForDeploymentPostprocessing = 0;
		};
		F55AA5692DB9719F00D57F36 /* Sources */ = {
			isa = PBXSourcesBuildPhase;
			buildActionMask = 2147483647;
			files = (
				F55AA5732DB9719F00D57F36 /* SafariWebExtensionHandler.swift in Sources */,
			);
			runOnlyForDeploymentPostprocessing = 0;
		};
/* End PBXSourcesBuildPhase section */

/* Begin PBXTargetDependency section */
		F55AA5592DB9719F00D57F36 /* PBXTargetDependency */ = {
			isa = PBXTargetDependency;
			target = F55AA5392DB9719E00D57F36 /* Xdebug Helper by JetBrains */;
			targetProxy = F55AA5582DB9719F00D57F36 /* PBXContainerItemProxy */;
		};
		F55AA5632DB9719F00D57F36 /* PBXTargetDependency */ = {
			isa = PBXTargetDependency;
			target = F55AA5392DB9719E00D57F36 /* Xdebug Helper by JetBrains */;
			targetProxy = F55AA5622DB9719F00D57F36 /* PBXContainerItemProxy */;
		};
		F55AA5702DB9719F00D57F36 /* PBXTargetDependency */ = {
			isa = PBXTargetDependency;
			target = F55AA56C2DB9719F00D57F36 /* Xdebug Helper by JetBrains Extension */;
			targetProxy = F55AA56F2DB9719F00D57F36 /* PBXContainerItemProxy */;
		};
/* End PBXTargetDependency section */

/* Begin PBXVariantGroup section */
		F55AA5402DB9719E00D57F36 /* Main.html */ = {
			isa = PBXVariantGroup;
			children = (
				F55AA5412DB9719E00D57F36 /* Base */,
			);
			name = Main.html;
			sourceTree = "<group>";
		};
		F55AA54B2DB9719E00D57F36 /* Main.storyboard */ = {
			isa = PBXVariantGroup;
			children = (
				F55AA54C2DB9719E00D57F36 /* Base */,
			);
			name = Main.storyboard;
			sourceTree = "<group>";
		};
/* End PBXVariantGroup section */

/* Begin XCBuildConfiguration section */
		F55AA5762DB9719F00D57F36 /* Debug */ = {
			isa = XCBuildConfiguration;
			buildSettings = {
				ALWAYS_SEARCH_USER_PATHS = NO;
				ASSETCATALOG_COMPILER_GENERATE_SWIFT_ASSET_SYMBOL_EXTENSIONS = YES;
				CLANG_ANALYZER_NONNULL = YES;
				CLANG_ANALYZER_NUMBER_OBJECT_CONVERSION = YES_AGGRESSIVE;
				CLANG_CXX_LANGUAGE_STANDARD = "gnu++20";
				CLANG_ENABLE_MODULES = YES;
				CLANG_ENABLE_OBJC_ARC = YES;
				CLANG_ENABLE_OBJC_WEAK = YES;
				CLANG_WARN_BLOCK_CAPTURE_AUTORELEASING = YES;
				CLANG_WARN_BOOL_CONVERSION = YES;
				CLANG_WARN_COMMA = YES;
				CLANG_WARN_CONSTANT_CONVERSION = YES;
				CLANG_WARN_DEPRECATED_OBJC_IMPLEMENTATIONS = YES;
				CLANG_WARN_DIRECT_OBJC_ISA_USAGE = YES_ERROR;
				CLANG_WARN_DOCUMENTATION_COMMENTS = YES;
				CLANG_WARN_EMPTY_BODY = YES;
				CLANG_WARN_ENUM_CONVERSION = YES;
				CLANG_WARN_INFINITE_RECURSION = YES;
				CLANG_WARN_INT_CONVERSION = YES;
				CLANG_WARN_NON_LITERAL_NULL_CONVERSION = YES;
				CLANG_WARN_OBJC_IMPLICIT_RETAIN_SELF = YES;
				CLANG_WARN_OBJC_LITERAL_CONVERSION = YES;
				CLANG_WARN_OBJC_ROOT_CLASS = YES_ERROR;
				CLANG_WARN_QUOTED_INCLUDE_IN_FRAMEWORK_HEADER = YES;
				CLANG_WARN_RANGE_LOOP_ANALYSIS = YES;
				CLANG_WARN_STRICT_PROTOTYPES = YES;
				CLANG_WARN_SUSPICIOUS_MOVE = YES;
				CLANG_WARN_UNGUARDED_AVAILABILITY = YES_AGGRESSIVE;
				CLANG_WARN_UNREACHABLE_CODE = YES;
				CLANG_WARN__DUPLICATE_METHOD_MATCH = YES;
				COPY_PHASE_STRIP = NO;
				DEBUG_INFORMATION_FORMAT = dwarf;
				ENABLE_STRICT_OBJC_MSGSEND = YES;
				ENABLE_TESTABILITY = YES;
				ENABLE_USER_SCRIPT_SANDBOXING = YES;
				GCC_C_LANGUAGE_STANDARD = gnu17;
				GCC_DYNAMIC_NO_PIC = NO;
				GCC_NO_COMMON_BLOCKS = YES;
				GCC_OPTIMIZATION_LEVEL = 0;
				GCC_PREPROCESSOR_DEFINITIONS = (
					"DEBUG=1",
					"$(inherited)",
				);
				GCC_WARN_64_TO_32_BIT_CONVERSION = YES;
				GCC_WARN_ABOUT_RETURN_TYPE = YES_ERROR;
				GCC_WARN_UNDECLARED_SELECTOR = YES;
				GCC_WARN_UNINITIALIZED_AUTOS = YES_AGGRESSIVE;
				GCC_WARN_UNUSED_FUNCTION = YES;
				GCC_WARN_UNUSED_VARIABLE = YES;
				LOCALIZATION_PREFERS_STRING_CATALOGS = YES;
				MACOSX_DEPLOYMENT_TARGET = 15.4;
				MTL_ENABLE_DEBUG_INFO = INCLUDE_SOURCE;
				MTL_FAST_MATH = YES;
				ONLY_ACTIVE_ARCH = YES;
				SDKROOT = macosx;
				SWIFT_ACTIVE_COMPILATION_CONDITIONS = "DEBUG $(inherited)";
				SWIFT_OPTIMIZATION_LEVEL = "-Onone";
			};
			name = Debug;
		};
		F55AA5772DB9719F00D57F36 /* Release */ = {
			isa = XCBuildConfiguration;
			buildSettings = {
				ALWAYS_SEARCH_USER_PATHS = NO;
				ASSETCATALOG_COMPILER_GENERATE_SWIFT_ASSET_SYMBOL_EXTENSIONS = YES;
				CLANG_ANALYZER_NONNULL = YES;
				CLANG_ANALYZER_NUMBER_OBJECT_CONVERSION = YES_AGGRESSIVE;
				CLANG_CXX_LANGUAGE_STANDARD = "gnu++20";
				CLANG_ENABLE_MODULES = YES;
				CLANG_ENABLE_OBJC_ARC = YES;
				CLANG_ENABLE_OBJC_WEAK = YES;
				CLANG_WARN_BLOCK_CAPTURE_AUTORELEASING = YES;
				CLANG_WARN_BOOL_CONVERSION = YES;
				CLANG_WARN_COMMA = YES;
				CLANG_WARN_CONSTANT_CONVERSION = YES;
				CLANG_WARN_DEPRECATED_OBJC_IMPLEMENTATIONS = YES;
				CLANG_WARN_DIRECT_OBJC_ISA_USAGE = YES_ERROR;
				CLANG_WARN_DOCUMENTATION_COMMENTS = YES;
				CLANG_WARN_EMPTY_BODY = YES;
				CLANG_WARN_ENUM_CONVERSION = YES;
				CLANG_WARN_INFINITE_RECURSION = YES;
				CLANG_WARN_INT_CONVERSION = YES;
				CLANG_WARN_NON_LITERAL_NULL_CONVERSION = YES;
				CLANG_WARN_OBJC_IMPLICIT_RETAIN_SELF = YES;
				CLANG_WARN_OBJC_LITERAL_CONVERSION = YES;
				CLANG_WARN_OBJC_ROOT_CLASS = YES_ERROR;
				CLANG_WARN_QUOTED_INCLUDE_IN_FRAMEWORK_HEADER = YES;
				CLANG_WARN_RANGE_LOOP_ANALYSIS = YES;
				CLANG_WARN_STRICT_PROTOTYPES = YES;
				CLANG_WARN_SUSPICIOUS_MOVE = YES;
				CLANG_WARN_UNGUARDED_AVAILABILITY = YES_AGGRESSIVE;
				CLANG_WARN_UNREACHABLE_CODE = YES;
				CLANG_WARN__DUPLICATE_METHOD_MATCH = YES;
				COPY_PHASE_STRIP = NO;
				DEBUG_INFORMATION_FORMAT = "dwarf-with-dsym";
				ENABLE_NS_ASSERTIONS = NO;
				ENABLE_STRICT_OBJC_MSGSEND = YES;
				ENABLE_USER_SCRIPT_SANDBOXING = YES;
				GCC_C_LANGUAGE_STANDARD = gnu17;
				GCC_NO_COMMON_BLOCKS = YES;
				GCC_WARN_64_TO_32_BIT_CONVERSION = YES;
				GCC_WARN_ABOUT_RETURN_TYPE = YES_ERROR;
				GCC_WARN_UNDECLARED_SELECTOR = YES;
				GCC_WARN_UNINITIALIZED_AUTOS = YES_AGGRESSIVE;
				GCC_WARN_UNUSED_FUNCTION = YES;
				GCC_WARN_UNUSED_VARIABLE = YES;
				LOCALIZATION_PREFERS_STRING_CATALOGS = YES;
				MACOSX_DEPLOYMENT_TARGET = 15.4;
				MTL_ENABLE_DEBUG_INFO = NO;
				MTL_FAST_MATH = YES;
				SDKROOT = macosx;
				SWIFT_COMPILATION_MODE = wholemodule;
			};
			name = Release;
		};
		F55AA5792DB9719F00D57F36 /* Debug */ = {
			isa = XCBuildConfiguration;
			buildSettings = {
				CODE_SIGN_ENTITLEMENTS = "Xdebug Helper by JetBrains Extension/Xdebug_Helper_by_JetBrains_Extension.entitlements";
				CODE_SIGN_STYLE = Automatic;
				CURRENT_PROJECT_VERSION = 1;
				ENABLE_HARDENED_RUNTIME = YES;
				GENERATE_INFOPLIST_FILE = YES;
				INFOPLIST_FILE = "Xdebug Helper by JetBrains Extension/Info.plist";
				INFOPLIST_KEY_CFBundleDisplayName = "Xdebug Helper by JetBrains Extension";
				INFOPLIST_KEY_NSHumanReadableCopyright = "";
				LD_RUNPATH_SEARCH_PATHS = (
					"$(inherited)",
					"@executable_path/../Frameworks",
					"@executable_path/../../../../Frameworks",
				);
				MACOSX_DEPLOYMENT_TARGET = 10.14;
				MARKETING_VERSION = 1.0;
				OTHER_LDFLAGS = (
					"-framework",
					SafariServices,
				);
				PRODUCT_BUNDLE_IDENTIFIER = "com.jetbrains.Xdebug-Helper-by-JetBrains.Extension";
				PRODUCT_NAME = "$(TARGET_NAME)";
				SKIP_INSTALL = YES;
				SWIFT_EMIT_LOC_STRINGS = YES;
				SWIFT_VERSION = 5.0;
			};
			name = Debug;
		};
		F55AA57A2DB9719F00D57F36 /* Release */ = {
			isa = XCBuildConfiguration;
			buildSettings = {
				CODE_SIGN_ENTITLEMENTS = "Xdebug Helper by JetBrains Extension/Xdebug_Helper_by_JetBrains_Extension.entitlements";
				CODE_SIGN_STYLE = Automatic;
				CURRENT_PROJECT_VERSION = 1;
				ENABLE_HARDENED_RUNTIME = YES;
				GENERATE_INFOPLIST_FILE = YES;
				INFOPLIST_FILE = "Xdebug Helper by JetBrains Extension/Info.plist";
				INFOPLIST_KEY_CFBundleDisplayName = "Xdebug Helper by JetBrains Extension";
				INFOPLIST_KEY_NSHumanReadableCopyright = "";
				LD_RUNPATH_SEARCH_PATHS = (
					"$(inherited)",
					"@executable_path/../Frameworks",
					"@executable_path/../../../../Frameworks",
				);
				MACOSX_DEPLOYMENT_TARGET = 10.14;
				MARKETING_VERSION = 1.0;
				OTHER_LDFLAGS = (
					"-framework",
					SafariServices,
				);
				PRODUCT_BUNDLE_IDENTIFIER = "com.jetbrains.Xdebug-Helper-by-JetBrains.Extension";
				PRODUCT_NAME = "$(TARGET_NAME)";
				SKIP_INSTALL = YES;
				SWIFT_EMIT_LOC_STRINGS = YES;
				SWIFT_VERSION = 5.0;
			};
			name = Release;
		};
		F55AA57D2DB9719F00D57F36 /* Debug */ = {
			isa = XCBuildConfiguration;
			buildSettings = {
				ASSETCATALOG_COMPILER_APPICON_NAME = AppIcon;
				ASSETCATALOG_COMPILER_GLOBAL_ACCENT_COLOR_NAME = AccentColor;
				CODE_SIGN_ENTITLEMENTS = "Xdebug Helper by JetBrains/Xdebug Helper by JetBrains.entitlements";
				CODE_SIGN_STYLE = Automatic;
				COMBINE_HIDPI_IMAGES = YES;
				CURRENT_PROJECT_VERSION = 1;
				ENABLE_HARDENED_RUNTIME = YES;
				GENERATE_INFOPLIST_FILE = YES;
				INFOPLIST_FILE = "Xdebug Helper by JetBrains/Info.plist";
				INFOPLIST_KEY_CFBundleDisplayName = "Xdebug Helper by JetBrains";
				INFOPLIST_KEY_NSHumanReadableCopyright = "";
				INFOPLIST_KEY_NSMainStoryboardFile = Main;
				INFOPLIST_KEY_NSPrincipalClass = NSApplication;
				LD_RUNPATH_SEARCH_PATHS = (
					"$(inherited)",
					"@executable_path/../Frameworks",
				);
				MACOSX_DEPLOYMENT_TARGET = 10.14;
				MARKETING_VERSION = 1.0;
				OTHER_LDFLAGS = (
					"-framework",
					SafariServices,
					"-framework",
					WebKit,
				);
				PRODUCT_BUNDLE_IDENTIFIER = "com.jetbrains.Xdebug-Helper-by-JetBrains";
				PRODUCT_NAME = "$(TARGET_NAME)";
				REGISTER_APP_GROUPS = YES;
				SWIFT_EMIT_LOC_STRINGS = YES;
				SWIFT_VERSION = 5.0;
			};
			name = Debug;
		};
		F55AA57E2DB9719F00D57F36 /* Release */ = {
			isa = XCBuildConfiguration;
			buildSettings = {
				ASSETCATALOG_COMPILER_APPICON_NAME = AppIcon;
				ASSETCATALOG_COMPILER_GLOBAL_ACCENT_COLOR_NAME = AccentColor;
				CODE_SIGN_ENTITLEMENTS = "Xdebug Helper by JetBrains/Xdebug Helper by JetBrains.entitlements";
				CODE_SIGN_STYLE = Automatic;
				COMBINE_HIDPI_IMAGES = YES;
				CURRENT_PROJECT_VERSION = 1;
				ENABLE_HARDENED_RUNTIME = YES;
				GENERATE_INFOPLIST_FILE = YES;
				INFOPLIST_FILE = "Xdebug Helper by JetBrains/Info.plist";
				INFOPLIST_KEY_CFBundleDisplayName = "Xdebug Helper by JetBrains";
				INFOPLIST_KEY_NSHumanReadableCopyright = "";
				INFOPLIST_KEY_NSMainStoryboardFile = Main;
				INFOPLIST_KEY_NSPrincipalClass = NSApplication;
				LD_RUNPATH_SEARCH_PATHS = (
					"$(inherited)",
					"@executable_path/../Frameworks",
				);
				MACOSX_DEPLOYMENT_TARGET = 10.14;
				MARKETING_VERSION = 1.0;
				OTHER_LDFLAGS = (
					"-framework",
					SafariServices,
					"-framework",
					WebKit,
				);
				PRODUCT_BUNDLE_IDENTIFIER = "com.jetbrains.Xdebug-Helper-by-JetBrains";
				PRODUCT_NAME = "$(TARGET_NAME)";
				REGISTER_APP_GROUPS = YES;
				SWIFT_EMIT_LOC_STRINGS = YES;
				SWIFT_VERSION = 5.0;
			};
			name = Release;
		};
		F55AA5802DB9719F00D57F36 /* Debug */ = {
			isa = XCBuildConfiguration;
			buildSettings = {
				BUNDLE_LOADER = "$(TEST_HOST)";
				CODE_SIGN_STYLE = Automatic;
				CURRENT_PROJECT_VERSION = 1;
				GENERATE_INFOPLIST_FILE = YES;
				MACOSX_DEPLOYMENT_TARGET = 10.14;
				MARKETING_VERSION = 1.0;
				PRODUCT_BUNDLE_IDENTIFIER = "com.jetbrains.Xdebug-Helper-by-JetBrainsTests";
				PRODUCT_NAME = "$(TARGET_NAME)";
				SWIFT_EMIT_LOC_STRINGS = NO;
				SWIFT_VERSION = 5.0;
				TEST_HOST = "$(BUILT_PRODUCTS_DIR)/Xdebug Helper by JetBrains.app/$(BUNDLE_EXECUTABLE_FOLDER_PATH)/Xdebug Helper by JetBrains";
			};
			name = Debug;
		};
		F55AA5812DB9719F00D57F36 /* Release */ = {
			isa = XCBuildConfiguration;
			buildSettings = {
				BUNDLE_LOADER = "$(TEST_HOST)";
				CODE_SIGN_STYLE = Automatic;
				CURRENT_PROJECT_VERSION = 1;
				GENERATE_INFOPLIST_FILE = YES;
				MACOSX_DEPLOYMENT_TARGET = 10.14;
				MARKETING_VERSION = 1.0;
				PRODUCT_BUNDLE_IDENTIFIER = "com.jetbrains.Xdebug-Helper-by-JetBrainsTests";
				PRODUCT_NAME = "$(TARGET_NAME)";
				SWIFT_EMIT_LOC_STRINGS = NO;
				SWIFT_VERSION = 5.0;
				TEST_HOST = "$(BUILT_PRODUCTS_DIR)/Xdebug Helper by JetBrains.app/$(BUNDLE_EXECUTABLE_FOLDER_PATH)/Xdebug Helper by JetBrains";
			};
			name = Release;
		};
		F55AA5832DB9719F00D57F36 /* Debug */ = {
			isa = XCBuildConfiguration;
			buildSettings = {
				CODE_SIGN_STYLE = Automatic;
				CURRENT_PROJECT_VERSION = 1;
				GENERATE_INFOPLIST_FILE = YES;
				MARKETING_VERSION = 1.0;
				PRODUCT_BUNDLE_IDENTIFIER = "com.jetbrains.Xdebug-Helper-by-JetBrainsUITests";
				PRODUCT_NAME = "$(TARGET_NAME)";
				SWIFT_EMIT_LOC_STRINGS = NO;
				SWIFT_VERSION = 5.0;
				TEST_TARGET_NAME = "Xdebug Helper by JetBrains";
			};
			name = Debug;
		};
		F55AA5842DB9719F00D57F36 /* Release */ = {
			isa = XCBuildConfiguration;
			buildSettings = {
				CODE_SIGN_STYLE = Automatic;
				CURRENT_PROJECT_VERSION = 1;
				GENERATE_INFOPLIST_FILE = YES;
				MARKETING_VERSION = 1.0;
				PRODUCT_BUNDLE_IDENTIFIER = "com.jetbrains.Xdebug-Helper-by-JetBrainsUITests";
				PRODUCT_NAME = "$(TARGET_NAME)";
				SWIFT_EMIT_LOC_STRINGS = NO;
				SWIFT_VERSION = 5.0;
				TEST_TARGET_NAME = "Xdebug Helper by JetBrains";
			};
			name = Release;
		};
/* End XCBuildConfiguration section */

/* Begin XCConfigurationList section */
		F55AA5352DB9719E00D57F36 /* Build configuration list for PBXProject "Xdebug Helper by JetBrains" */ = {
			isa = XCConfigurationList;
			buildConfigurations = (
				F55AA5762DB9719F00D57F36 /* Debug */,
				F55AA5772DB9719F00D57F36 /* Release */,
			);
			defaultConfigurationIsVisible = 0;
			defaultConfigurationName = Release;
		};
		F55AA5782DB9719F00D57F36 /* Build configuration list for PBXNativeTarget "Xdebug Helper by JetBrains Extension" */ = {
			isa = XCConfigurationList;
			buildConfigurations = (
				F55AA5792DB9719F00D57F36 /* Debug */,
				F55AA57A2DB9719F00D57F36 /* Release */,
			);
			defaultConfigurationIsVisible = 0;
			defaultConfigurationName = Release;
		};
		F55AA57C2DB9719F00D57F36 /* Build configuration list for PBXNativeTarget "Xdebug Helper by JetBrains" */ = {
			isa = XCConfigurationList;
			buildConfigurations = (
				F55AA57D2DB9719F00D57F36 /* Debug */,
				F55AA57E2DB9719F00D57F36 /* Release */,
			);
			defaultConfigurationIsVisible = 0;
			defaultConfigurationName = Release;
		};
		F55AA57F2DB9719F00D57F36 /* Build configuration list for PBXNativeTarget "Xdebug Helper by JetBrainsTests" */ = {
			isa = XCConfigurationList;
			buildConfigurations = (
				F55AA5802DB9719F00D57F36 /* Debug */,
				F55AA5812DB9719F00D57F36 /* Release */,
			);
			defaultConfigurationIsVisible = 0;
			defaultConfigurationName = Release;
		};
		F55AA5822DB9719F00D57F36 /* Build configuration list for PBXNativeTarget "Xdebug Helper by JetBrainsUITests" */ = {
			isa = XCConfigurationList;
			buildConfigurations = (
				F55AA5832DB9719F00D57F36 /* Debug */,
				F55AA5842DB9719F00D57F36 /* Release */,
			);
			defaultConfigurationIsVisible = 0;
			defaultConfigurationName = Release;
		};
/* End XCConfigurationList section */
	};
	rootObject = F55AA5322DB9719E00D57F36 /* Project object */;
}
